// !$*UTF8*$!
{
	archiveVersion = 1;
	classes = {
	};
	objectVersion = 55;
	objects = {

/* Begin PBXBuildFile section */
		05C6AA552789D06C009FFBE8 /* Ikimasho.xcdatamodeld in Sources */ = {isa = PBXBuildFile; fileRef = 05C6AA422789D06B009FFBE8 /* Ikimasho.xcdatamodeld */; };
		05C6AA562789D06C009FFBE8 /* Ikimasho.xcdatamodeld in Sources */ = {isa = PBXBuildFile; fileRef = 05C6AA422789D06B009FFBE8 /* Ikimasho.xcdatamodeld */; };
		05C6AA572789D06C009FFBE8 /* Ikimasho.swift in Sources */ = {isa = PBXBuildFile; fileRef = 05C6AA442789D06B009FFBE8 /* Ikimasho.swift */; };
		05C6AA582789D06C009FFBE8 /* Ikimasho.swift in Sources */ = {isa = PBXBuildFile; fileRef = 05C6AA442789D06B009FFBE8 /* Ikimasho.swift */; };
		05C6AA592789D06C009FFBE8 /* ContentView.swift in Sources */ = {isa = PBXBuildFile; fileRef = 05C6AA452789D06B009FFBE8 /* ContentView.swift */; };
		05C6AA5A2789D06C009FFBE8 /* ContentView.swift in Sources */ = {isa = PBXBuildFile; fileRef = 05C6AA452789D06B009FFBE8 /* ContentView.swift */; };
		05C6AA5B2789D06C009FFBE8 /* Persistence.swift in Sources */ = {isa = PBXBuildFile; fileRef = 05C6AA462789D06B009FFBE8 /* Persistence.swift */; };
		05C6AA5C2789D06C009FFBE8 /* Persistence.swift in Sources */ = {isa = PBXBuildFile; fileRef = 05C6AA462789D06B009FFBE8 /* Persistence.swift */; };
		05C6AA5D2789D06C009FFBE8 /* Assets.xcassets in Resources */ = {isa = PBXBuildFile; fileRef = 05C6AA472789D06C009FFBE8 /* Assets.xcassets */; };
		05C6AA5E2789D06C009FFBE8 /* Assets.xcassets in Resources */ = {isa = PBXBuildFile; fileRef = 05C6AA472789D06C009FFBE8 /* Assets.xcassets */; };
		05C6AA682789D07A009FFBE8 /* AddDestination.swift in Sources */ = {isa = PBXBuildFile; fileRef = 05C6AA672789D07A009FFBE8 /* AddDestination.swift */; };
		05C6AA692789D07A009FFBE8 /* AddDestination.swift in Sources */ = {isa = PBXBuildFile; fileRef = 05C6AA672789D07A009FFBE8 /* AddDestination.swift */; };
		05C6AA832789D9B7009FFBE8 /* AddTravel.swift in Sources */ = {isa = PBXBuildFile; fileRef = 05C6AA822789D9B7009FFBE8 /* AddTravel.swift */; };
		05C6AA842789D9B8009FFBE8 /* AddTravel.swift in Sources */ = {isa = PBXBuildFile; fileRef = 05C6AA822789D9B7009FFBE8 /* AddTravel.swift */; };
		05C6AA862789D9FE009FFBE8 /* ImagePicker.swift in Sources */ = {isa = PBXBuildFile; fileRef = 05C6AA852789D9FE009FFBE8 /* ImagePicker.swift */; };
		05C6AA872789D9FE009FFBE8 /* ImagePicker.swift in Sources */ = {isa = PBXBuildFile; fileRef = 05C6AA852789D9FE009FFBE8 /* ImagePicker.swift */; };
		05C6AA922789EA4C009FFBE8 /* TravelDetailCell.swift in Sources */ = {isa = PBXBuildFile; fileRef = 05C6AA912789EA4C009FFBE8 /* TravelDetailCell.swift */; };
		05C6AA932789EA4C009FFBE8 /* TravelDetailCell.swift in Sources */ = {isa = PBXBuildFile; fileRef = 05C6AA912789EA4C009FFBE8 /* TravelDetailCell.swift */; };
		5E01C1627AB998356476DF3A /* Pods_Ikimasho__macOS_.framework in Frameworks */ = {isa = PBXBuildFile; fileRef = 425AB9B9DA3F642ADA456480 /* Pods_Ikimasho__macOS_.framework */; };
		B987DC242A73E93C0019A93E /* TravelDetailsView.swift in Sources */ = {isa = PBXBuildFile; fileRef = B987DC232A73E93C0019A93E /* TravelDetailsView.swift */; };
		B987DC252A73E93C0019A93E /* TravelDetailsView.swift in Sources */ = {isa = PBXBuildFile; fileRef = B987DC232A73E93C0019A93E /* TravelDetailsView.swift */; };
		B98F479A2A74447F00908946 /* Destination+CoreDataClass.swift in Sources */ = {isa = PBXBuildFile; fileRef = B98F47962A74447F00908946 /* Destination+CoreDataClass.swift */; };
		B98F479B2A74447F00908946 /* Destination+CoreDataProperties.swift in Sources */ = {isa = PBXBuildFile; fileRef = B98F47972A74447F00908946 /* Destination+CoreDataProperties.swift */; };
		B98F479D2A7447FC00908946 /* TextFieldView.swift in Sources */ = {isa = PBXBuildFile; fileRef = B98F479C2A7447FC00908946 /* TextFieldView.swift */; };
		B98F47A32A745AC500908946 /* SplashscreenAnimation.swift in Sources */ = {isa = PBXBuildFile; fileRef = B98F47A22A745AC500908946 /* SplashscreenAnimation.swift */; };
		B98F47A52A745ACB00908946 /* data.json in Resources */ = {isa = PBXBuildFile; fileRef = B98F47A42A745ACB00908946 /* data.json */; };
		B98F47A72A745ACF00908946 /* Launch Screen.storyboard in Resources */ = {isa = PBXBuildFile; fileRef = B98F47A62A745ACF00908946 /* Launch Screen.storyboard */; };
		B98F47A92A745BAB00908946 /* WelcomeView.swift in Sources */ = {isa = PBXBuildFile; fileRef = B98F47A82A745BAB00908946 /* WelcomeView.swift */; };
		C91044A9467DDDC0C067F8E0 /* Pods_Ikimasho__iOS_.framework in Frameworks */ = {isa = PBXBuildFile; fileRef = 5D5D45A65F38120794B6374E /* Pods_Ikimasho__iOS_.framework */; };
/* End PBXBuildFile section */

/* Begin PBXFileReference section */
		05C6AA432789D06B009FFBE8 /* Shared.xcdatamodel */ = {isa = PBXFileReference; lastKnownFileType = wrapper.xcdatamodel; path = Shared.xcdatamodel; sourceTree = "<group>"; };
		05C6AA442789D06B009FFBE8 /* Ikimasho.swift */ = {isa = PBXFileReference; lastKnownFileType = sourcecode.swift; path = Ikimasho.swift; sourceTree = "<group>"; };
		05C6AA452789D06B009FFBE8 /* ContentView.swift */ = {isa = PBXFileReference; lastKnownFileType = sourcecode.swift; path = ContentView.swift; sourceTree = "<group>"; };
		05C6AA462789D06B009FFBE8 /* Persistence.swift */ = {isa = PBXFileReference; lastKnownFileType = sourcecode.swift; path = Persistence.swift; sourceTree = "<group>"; };
		05C6AA472789D06C009FFBE8 /* Assets.xcassets */ = {isa = PBXFileReference; lastKnownFileType = folder.assetcatalog; path = Assets.xcassets; sourceTree = "<group>"; };
		05C6AA4C2789D06C009FFBE8 /* Ikimasho.app */ = {isa = PBXFileReference; explicitFileType = wrapper.application; includeInIndex = 0; path = Ikimasho.app; sourceTree = BUILT_PRODUCTS_DIR; };
		05C6AA522789D06C009FFBE8 /* Ikimasho.app */ = {isa = PBXFileReference; explicitFileType = wrapper.application; includeInIndex = 0; path = Ikimasho.app; sourceTree = BUILT_PRODUCTS_DIR; };
		05C6AA542789D06C009FFBE8 /* macOS.entitlements */ = {isa = PBXFileReference; lastKnownFileType = text.plist.entitlements; path = macOS.entitlements; sourceTree = "<group>"; };
		05C6AA672789D07A009FFBE8 /* AddDestination.swift */ = {isa = PBXFileReference; lastKnownFileType = sourcecode.swift; path = AddDestination.swift; sourceTree = "<group>"; };
		05C6AA822789D9B7009FFBE8 /* AddTravel.swift */ = {isa = PBXFileReference; lastKnownFileType = sourcecode.swift; path = AddTravel.swift; sourceTree = "<group>"; };
		05C6AA852789D9FE009FFBE8 /* ImagePicker.swift */ = {isa = PBXFileReference; lastKnownFileType = sourcecode.swift; path = ImagePicker.swift; sourceTree = "<group>"; };
		05C6AA912789EA4C009FFBE8 /* TravelDetailCell.swift */ = {isa = PBXFileReference; lastKnownFileType = sourcecode.swift; path = TravelDetailCell.swift; sourceTree = "<group>"; };
		2E9439250DBBC7193E461194 /* Pods-Ikimasho (iOS).release.xcconfig */ = {isa = PBXFileReference; includeInIndex = 1; lastKnownFileType = text.xcconfig; name = "Pods-Ikimasho (iOS).release.xcconfig"; path = "Target Support Files/Pods-Ikimasho (iOS)/Pods-Ikimasho (iOS).release.xcconfig"; sourceTree = "<group>"; };
		425AB9B9DA3F642ADA456480 /* Pods_Ikimasho__macOS_.framework */ = {isa = PBXFileReference; explicitFileType = wrapper.framework; includeInIndex = 0; path = Pods_Ikimasho__macOS_.framework; sourceTree = BUILT_PRODUCTS_DIR; };
		487687E9AE6410F54D0FF3B1 /* Pods-Ikimasho (macOS).debug.xcconfig */ = {isa = PBXFileReference; includeInIndex = 1; lastKnownFileType = text.xcconfig; name = "Pods-Ikimasho (macOS).debug.xcconfig"; path = "Target Support Files/Pods-Ikimasho (macOS)/Pods-Ikimasho (macOS).debug.xcconfig"; sourceTree = "<group>"; };
		5D5D45A65F38120794B6374E /* Pods_Ikimasho__iOS_.framework */ = {isa = PBXFileReference; explicitFileType = wrapper.framework; includeInIndex = 0; path = Pods_Ikimasho__iOS_.framework; sourceTree = BUILT_PRODUCTS_DIR; };
		852201D6BDADF10EA5BEE974 /* Pods-Ikimasho (macOS).release.xcconfig */ = {isa = PBXFileReference; includeInIndex = 1; lastKnownFileType = text.xcconfig; name = "Pods-Ikimasho (macOS).release.xcconfig"; path = "Target Support Files/Pods-Ikimasho (macOS)/Pods-Ikimasho (macOS).release.xcconfig"; sourceTree = "<group>"; };
		AA20636E60B148FEC0012C65 /* Pods-Ikimasho (iOS).debug.xcconfig */ = {isa = PBXFileReference; includeInIndex = 1; lastKnownFileType = text.xcconfig; name = "Pods-Ikimasho (iOS).debug.xcconfig"; path = "Target Support Files/Pods-Ikimasho (iOS)/Pods-Ikimasho (iOS).debug.xcconfig"; sourceTree = "<group>"; };
		B987DC232A73E93C0019A93E /* TravelDetailsView.swift */ = {isa = PBXFileReference; lastKnownFileType = sourcecode.swift; path = TravelDetailsView.swift; sourceTree = "<group>"; };
		B98F47962A74447F00908946 /* Destination+CoreDataClass.swift */ = {isa = PBXFileReference; lastKnownFileType = sourcecode.swift; path = "Destination+CoreDataClass.swift"; sourceTree = "<group>"; };
		B98F47972A74447F00908946 /* Destination+CoreDataProperties.swift */ = {isa = PBXFileReference; lastKnownFileType = sourcecode.swift; path = "Destination+CoreDataProperties.swift"; sourceTree = "<group>"; };
		B98F479C2A7447FC00908946 /* TextFieldView.swift */ = {isa = PBXFileReference; fileEncoding = 4; lastKnownFileType = sourcecode.swift; path = TextFieldView.swift; sourceTree = "<group>"; };
		B98F47A22A745AC500908946 /* SplashscreenAnimation.swift */ = {isa = PBXFileReference; fileEncoding = 4; lastKnownFileType = sourcecode.swift; path = SplashscreenAnimation.swift; sourceTree = "<group>"; };
		B98F47A42A745ACB00908946 /* data.json */ = {isa = PBXFileReference; fileEncoding = 4; lastKnownFileType = text.json; path = data.json; sourceTree = "<group>"; };
		B98F47A62A745ACF00908946 /* Launch Screen.storyboard */ = {isa = PBXFileReference; fileEncoding = 4; lastKnownFileType = file.storyboard; path = "Launch Screen.storyboard"; sourceTree = "<group>"; };
		B98F47A82A745BAB00908946 /* WelcomeView.swift */ = {isa = PBXFileReference; fileEncoding = 4; lastKnownFileType = sourcecode.swift; path = WelcomeView.swift; sourceTree = "<group>"; };
/* End PBXFileReference section */

/* Begin PBXFrameworksBuildPhase section */
		05C6AA492789D06C009FFBE8 /* Frameworks */ = {
			isa = PBXFrameworksBuildPhase;
			buildActionMask = 2147483647;
			files = (
				C91044A9467DDDC0C067F8E0 /* Pods_Ikimasho__iOS_.framework in Frameworks */,
			);
			runOnlyForDeploymentPostprocessing = 0;
		};
		05C6AA4F2789D06C009FFBE8 /* Frameworks */ = {
			isa = PBXFrameworksBuildPhase;
			buildActionMask = 2147483647;
			files = (
				5E01C1627AB998356476DF3A /* Pods_Ikimasho__macOS_.framework in Frameworks */,
			);
			runOnlyForDeploymentPostprocessing = 0;
		};
/* End PBXFrameworksBuildPhase section */

/* Begin PBXGroup section */
		05C6AA3C2789D06B009FFBE8 = {
			isa = PBXGroup;
			children = (
				05C6AA412789D06B009FFBE8 /* Shared */,
				05C6AA532789D06C009FFBE8 /* macOS */,
				05C6AA4D2789D06C009FFBE8 /* Products */,
				450B2720B634EFEB08FB6413 /* Pods */,
				7B4D9E3F7E752193190D4E56 /* Frameworks */,
			);
			sourceTree = "<group>";
		};
		05C6AA412789D06B009FFBE8 /* Shared */ = {
			isa = PBXGroup;
			children = (
				B98F47962A74447F00908946 /* Destination+CoreDataClass.swift */,
				B98F47972A74447F00908946 /* Destination+CoreDataProperties.swift */,
				B98F47A12A745ABB00908946 /* Launchscreen */,
				05C6AA442789D06B009FFBE8 /* Ikimasho.swift */,
				05C6AA452789D06B009FFBE8 /* ContentView.swift */,
				05C6AA912789EA4C009FFBE8 /* TravelDetailCell.swift */,
				B98F479C2A7447FC00908946 /* TextFieldView.swift */,
				05C6AA672789D07A009FFBE8 /* AddDestination.swift */,
				05C6AA822789D9B7009FFBE8 /* AddTravel.swift */,
				05C6AA852789D9FE009FFBE8 /* ImagePicker.swift */,
				B987DC232A73E93C0019A93E /* TravelDetailsView.swift */,
				05C6AA462789D06B009FFBE8 /* Persistence.swift */,
				05C6AA472789D06C009FFBE8 /* Assets.xcassets */,
				05C6AA422789D06B009FFBE8 /* Ikimasho.xcdatamodeld */,
			);
			path = Shared;
			sourceTree = "<group>";
		};
		05C6AA4D2789D06C009FFBE8 /* Products */ = {
			isa = PBXGroup;
			children = (
				05C6AA4C2789D06C009FFBE8 /* Ikimasho.app */,
				05C6AA522789D06C009FFBE8 /* Ikimasho.app */,
			);
			name = Products;
			sourceTree = "<group>";
		};
		05C6AA532789D06C009FFBE8 /* macOS */ = {
			isa = PBXGroup;
			children = (
				05C6AA542789D06C009FFBE8 /* macOS.entitlements */,
			);
			path = macOS;
			sourceTree = "<group>";
		};
		450B2720B634EFEB08FB6413 /* Pods */ = {
			isa = PBXGroup;
			children = (
				AA20636E60B148FEC0012C65 /* Pods-Ikimasho (iOS).debug.xcconfig */,
				2E9439250DBBC7193E461194 /* Pods-Ikimasho (iOS).release.xcconfig */,
				487687E9AE6410F54D0FF3B1 /* Pods-Ikimasho (macOS).debug.xcconfig */,
				852201D6BDADF10EA5BEE974 /* Pods-Ikimasho (macOS).release.xcconfig */,
			);
			path = Pods;
			sourceTree = "<group>";
		};
		7B4D9E3F7E752193190D4E56 /* Frameworks */ = {
			isa = PBXGroup;
			children = (
				5D5D45A65F38120794B6374E /* Pods_Ikimasho__iOS_.framework */,
				425AB9B9DA3F642ADA456480 /* Pods_Ikimasho__macOS_.framework */,
			);
			name = Frameworks;
			sourceTree = "<group>";
		};
		B98F47A12A745ABB00908946 /* Launchscreen */ = {
			isa = PBXGroup;
			children = (
				B98F47A82A745BAB00908946 /* WelcomeView.swift */,
				B98F47A62A745ACF00908946 /* Launch Screen.storyboard */,
				B98F47A42A745ACB00908946 /* data.json */,
				B98F47A22A745AC500908946 /* SplashscreenAnimation.swift */,
			);
			path = Launchscreen;
			sourceTree = "<group>";
		};
/* End PBXGroup section */

/* Begin PBXNativeTarget section */
		05C6AA4B2789D06C009FFBE8 /* Ikimasho (iOS) */ = {
			isa = PBXNativeTarget;
			buildConfigurationList = 05C6AA612789D06C009FFBE8 /* Build configuration list for PBXNativeTarget "Ikimasho (iOS)" */;
			buildPhases = (
				C92DBD9D643BEB269CF6E150 /* [CP] Check Pods Manifest.lock */,
				05C6AA482789D06C009FFBE8 /* Sources */,
				05C6AA492789D06C009FFBE8 /* Frameworks */,
				05C6AA4A2789D06C009FFBE8 /* Resources */,
				F242FFD29A3AD29400B6C446 /* [CP] Embed Pods Frameworks */,
			);
			buildRules = (
			);
			dependencies = (
			);
			name = "Ikimasho (iOS)";
			packageProductDependencies = (
			);
			productName = "CD_One_To_Many_Relationship (iOS)";
			productReference = 05C6AA4C2789D06C009FFBE8 /* Ikimasho.app */;
			productType = "com.apple.product-type.application";
		};
		05C6AA512789D06C009FFBE8 /* Ikimasho (macOS) */ = {
			isa = PBXNativeTarget;
			buildConfigurationList = 05C6AA642789D06C009FFBE8 /* Build configuration list for PBXNativeTarget "Ikimasho (macOS)" */;
			buildPhases = (
				8EE747600F0DEC958BB85260 /* [CP] Check Pods Manifest.lock */,
				05C6AA4E2789D06C009FFBE8 /* Sources */,
				05C6AA4F2789D06C009FFBE8 /* Frameworks */,
				05C6AA502789D06C009FFBE8 /* Resources */,
			);
			buildRules = (
			);
			dependencies = (
			);
			name = "Ikimasho (macOS)";
			productName = "CD_One_To_Many_Relationship (macOS)";
			productReference = 05C6AA522789D06C009FFBE8 /* Ikimasho.app */;
			productType = "com.apple.product-type.application";
		};
/* End PBXNativeTarget section */

/* Begin PBXProject section */
		05C6AA3D2789D06B009FFBE8 /* Project object */ = {
			isa = PBXProject;
			attributes = {
				BuildIndependentTargetsInParallel = 1;
				LastSwiftUpdateCheck = 1320;
				LastUpgradeCheck = 1430;
				TargetAttributes = {
					05C6AA4B2789D06C009FFBE8 = {
						CreatedOnToolsVersion = 13.2;
					};
					05C6AA512789D06C009FFBE8 = {
						CreatedOnToolsVersion = 13.2;
					};
				};
			};
			buildConfigurationList = 05C6AA402789D06B009FFBE8 /* Build configuration list for PBXProject "Ikimasho" */;
			compatibilityVersion = "Xcode 13.0";
			developmentRegion = en;
			hasScannedForEncodings = 0;
			knownRegions = (
				en,
				Base,
			);
			mainGroup = 05C6AA3C2789D06B009FFBE8;
			packageReferences = (
			);
			productRefGroup = 05C6AA4D2789D06C009FFBE8 /* Products */;
			projectDirPath = "";
			projectRoot = "";
			targets = (
				05C6AA4B2789D06C009FFBE8 /* Ikimasho (iOS) */,
				05C6AA512789D06C009FFBE8 /* Ikimasho (macOS) */,
			);
		};
/* End PBXProject section */

/* Begin PBXResourcesBuildPhase section */
		05C6AA4A2789D06C009FFBE8 /* Resources */ = {
			isa = PBXResourcesBuildPhase;
			buildActionMask = 2147483647;
			files = (
				05C6AA5D2789D06C009FFBE8 /* Assets.xcassets in Resources */,
				B98F47A52A745ACB00908946 /* data.json in Resources */,
				B98F47A72A745ACF00908946 /* Launch Screen.storyboard in Resources */,
			);
			runOnlyForDeploymentPostprocessing = 0;
		};
		05C6AA502789D06C009FFBE8 /* Resources */ = {
			isa = PBXResourcesBuildPhase;
			buildActionMask = 2147483647;
			files = (
				05C6AA5E2789D06C009FFBE8 /* Assets.xcassets in Resources */,
			);
			runOnlyForDeploymentPostprocessing = 0;
		};
/* End PBXResourcesBuildPhase section */

/* Begin PBXShellScriptBuildPhase section */
		8EE747600F0DEC958BB85260 /* [CP] Check Pods Manifest.lock */ = {
			isa = PBXShellScriptBuildPhase;
			buildActionMask = 2147483647;
			files = (
			);
			inputFileListPaths = (
			);
			inputPaths = (
				"${PODS_PODFILE_DIR_PATH}/Podfile.lock",
				"${PODS_ROOT}/Manifest.lock",
			);
			name = "[CP] Check Pods Manifest.lock";
			outputFileListPaths = (
			);
			outputPaths = (
				"$(DERIVED_FILE_DIR)/Pods-Ikimasho (macOS)-checkManifestLockResult.txt",
			);
			runOnlyForDeploymentPostprocessing = 0;
			shellPath = /bin/sh;
			shellScript = "diff \"${PODS_PODFILE_DIR_PATH}/Podfile.lock\" \"${PODS_ROOT}/Manifest.lock\" > /dev/null\nif [ $? != 0 ] ; then\n    # print error to STDERR\n    echo \"error: The sandbox is not in sync with the Podfile.lock. Run 'pod install' or update your CocoaPods installation.\" >&2\n    exit 1\nfi\n# This output is used by Xcode 'outputs' to avoid re-running this script phase.\necho \"SUCCESS\" > \"${SCRIPT_OUTPUT_FILE_0}\"\n";
			showEnvVarsInLog = 0;
		};
		C92DBD9D643BEB269CF6E150 /* [CP] Check Pods Manifest.lock */ = {
			isa = PBXShellScriptBuildPhase;
			buildActionMask = 2147483647;
			files = (
			);
			inputFileListPaths = (
			);
			inputPaths = (
				"${PODS_PODFILE_DIR_PATH}/Podfile.lock",
				"${PODS_ROOT}/Manifest.lock",
			);
			name = "[CP] Check Pods Manifest.lock";
			outputFileListPaths = (
			);
			outputPaths = (
				"$(DERIVED_FILE_DIR)/Pods-Ikimasho (iOS)-checkManifestLockResult.txt",
			);
			runOnlyForDeploymentPostprocessing = 0;
			shellPath = /bin/sh;
			shellScript = "diff \"${PODS_PODFILE_DIR_PATH}/Podfile.lock\" \"${PODS_ROOT}/Manifest.lock\" > /dev/null\nif [ $? != 0 ] ; then\n    # print error to STDERR\n    echo \"error: The sandbox is not in sync with the Podfile.lock. Run 'pod install' or update your CocoaPods installation.\" >&2\n    exit 1\nfi\n# This output is used by Xcode 'outputs' to avoid re-running this script phase.\necho \"SUCCESS\" > \"${SCRIPT_OUTPUT_FILE_0}\"\n";
			showEnvVarsInLog = 0;
		};
		F242FFD29A3AD29400B6C446 /* [CP] Embed Pods Frameworks */ = {
			isa = PBXShellScriptBuildPhase;
			buildActionMask = 2147483647;
			files = (
			);
			inputFileListPaths = (
				"${PODS_ROOT}/Target Support Files/Pods-Ikimasho (iOS)/Pods-Ikimasho (iOS)-frameworks-${CONFIGURATION}-input-files.xcfilelist",
			);
			name = "[CP] Embed Pods Frameworks";
			outputFileListPaths = (
				"${PODS_ROOT}/Target Support Files/Pods-Ikimasho (iOS)/Pods-Ikimasho (iOS)-frameworks-${CONFIGURATION}-output-files.xcfilelist",
			);
			runOnlyForDeploymentPostprocessing = 0;
			shellPath = /bin/sh;
			shellScript = "\"${PODS_ROOT}/Target Support Files/Pods-Ikimasho (iOS)/Pods-Ikimasho (iOS)-frameworks.sh\"\n";
			showEnvVarsInLog = 0;
		};
/* End PBXShellScriptBuildPhase section */

/* Begin PBXSourcesBuildPhase section */
		05C6AA482789D06C009FFBE8 /* Sources */ = {
			isa = PBXSourcesBuildPhase;
			buildActionMask = 2147483647;
			files = (
				05C6AA552789D06C009FFBE8 /* Ikimasho.xcdatamodeld in Sources */,
				05C6AA5B2789D06C009FFBE8 /* Persistence.swift in Sources */,
				B98F479D2A7447FC00908946 /* TextFieldView.swift in Sources */,
				05C6AA682789D07A009FFBE8 /* AddDestination.swift in Sources */,
				05C6AA922789EA4C009FFBE8 /* TravelDetailCell.swift in Sources */,
				B98F479A2A74447F00908946 /* Destination+CoreDataClass.swift in Sources */,
				05C6AA862789D9FE009FFBE8 /* ImagePicker.swift in Sources */,
				05C6AA572789D06C009FFBE8 /* Ikimasho.swift in Sources */,
				05C6AA592789D06C009FFBE8 /* ContentView.swift in Sources */,
				B98F479B2A74447F00908946 /* Destination+CoreDataProperties.swift in Sources */,
				B98F47A32A745AC500908946 /* SplashscreenAnimation.swift in Sources */,
				B987DC242A73E93C0019A93E /* TravelDetailsView.swift in Sources */,
				05C6AA832789D9B7009FFBE8 /* AddTravel.swift in Sources */,
				B98F47A92A745BAB00908946 /* WelcomeView.swift in Sources */,
			);
			runOnlyForDeploymentPostprocessing = 0;
		};
		05C6AA4E2789D06C009FFBE8 /* Sources */ = {
			isa = PBXSourcesBuildPhase;
			buildActionMask = 2147483647;
			files = (
				05C6AA562789D06C009FFBE8 /* Ikimasho.xcdatamodeld in Sources */,
				05C6AA5C2789D06C009FFBE8 /* Persistence.swift in Sources */,
				05C6AA692789D07A009FFBE8 /* AddDestination.swift in Sources */,
				05C6AA932789EA4C009FFBE8 /* TravelDetailCell.swift in Sources */,
				05C6AA872789D9FE009FFBE8 /* ImagePicker.swift in Sources */,
				05C6AA582789D06C009FFBE8 /* Ikimasho.swift in Sources */,
				05C6AA5A2789D06C009FFBE8 /* ContentView.swift in Sources */,
				B987DC252A73E93C0019A93E /* TravelDetailsView.swift in Sources */,
				05C6AA842789D9B8009FFBE8 /* AddTravel.swift in Sources */,
			);
			runOnlyForDeploymentPostprocessing = 0;
		};
/* End PBXSourcesBuildPhase section */

/* Begin XCBuildConfiguration section */
		05C6AA5F2789D06C009FFBE8 /* Debug */ = {
			isa = XCBuildConfiguration;
			buildSettings = {
				ALWAYS_SEARCH_USER_PATHS = NO;
				CLANG_ANALYZER_NONNULL = YES;
				CLANG_ANALYZER_NUMBER_OBJECT_CONVERSION = YES_AGGRESSIVE;
				CLANG_CXX_LANGUAGE_STANDARD = "gnu++17";
				CLANG_CXX_LIBRARY = "libc++";
				CLANG_ENABLE_MODULES = YES;
				CLANG_ENABLE_OBJC_ARC = YES;
				CLANG_ENABLE_OBJC_WEAK = YES;
				CLANG_WARN_BLOCK_CAPTURE_AUTORELEASING = YES;
				CLANG_WARN_BOOL_CONVERSION = YES;
				CLANG_WARN_COMMA = YES;
				CLANG_WARN_CONSTANT_CONVERSION = YES;
				CLANG_WARN_DEPRECATED_OBJC_IMPLEMENTATIONS = YES;
				CLANG_WARN_DIRECT_OBJC_ISA_USAGE = YES_ERROR;
				CLANG_WARN_DOCUMENTATION_COMMENTS = YES;
				CLANG_WARN_EMPTY_BODY = YES;
				CLANG_WARN_ENUM_CONVERSION = YES;
				CLANG_WARN_INFINITE_RECURSION = YES;
				CLANG_WARN_INT_CONVERSION = YES;
				CLANG_WARN_NON_LITERAL_NULL_CONVERSION = YES;
				CLANG_WARN_OBJC_IMPLICIT_RETAIN_SELF = YES;
				CLANG_WARN_OBJC_LITERAL_CONVERSION = YES;
				CLANG_WARN_OBJC_ROOT_CLASS = YES_ERROR;
				CLANG_WARN_QUOTED_INCLUDE_IN_FRAMEWORK_HEADER = YES;
				CLANG_WARN_RANGE_LOOP_ANALYSIS = YES;
				CLANG_WARN_STRICT_PROTOTYPES = YES;
				CLANG_WARN_SUSPICIOUS_MOVE = YES;
				CLANG_WARN_UNGUARDED_AVAILABILITY = YES_AGGRESSIVE;
				CLANG_WARN_UNREACHABLE_CODE = YES;
				CLANG_WARN__DUPLICATE_METHOD_MATCH = YES;
				COPY_PHASE_STRIP = NO;
				DEAD_CODE_STRIPPING = YES;
				DEBUG_INFORMATION_FORMAT = dwarf;
				ENABLE_STRICT_OBJC_MSGSEND = YES;
				ENABLE_TESTABILITY = YES;
				GCC_C_LANGUAGE_STANDARD = gnu11;
				GCC_DYNAMIC_NO_PIC = NO;
				GCC_NO_COMMON_BLOCKS = YES;
				GCC_OPTIMIZATION_LEVEL = 0;
				GCC_PREPROCESSOR_DEFINITIONS = (
					"DEBUG=1",
					"$(inherited)",
				);
				GCC_WARN_64_TO_32_BIT_CONVERSION = YES;
				GCC_WARN_ABOUT_RETURN_TYPE = YES_ERROR;
				GCC_WARN_UNDECLARED_SELECTOR = YES;
				GCC_WARN_UNINITIALIZED_AUTOS = YES_AGGRESSIVE;
				GCC_WARN_UNUSED_FUNCTION = YES;
				GCC_WARN_UNUSED_VARIABLE = YES;
				MTL_ENABLE_DEBUG_INFO = INCLUDE_SOURCE;
				MTL_FAST_MATH = YES;
				ONLY_ACTIVE_ARCH = YES;
				SWIFT_ACTIVE_COMPILATION_CONDITIONS = DEBUG;
				SWIFT_OPTIMIZATION_LEVEL = "-Onone";
			};
			name = Debug;
		};
		05C6AA602789D06C009FFBE8 /* Release */ = {
			isa = XCBuildConfiguration;
			buildSettings = {
				ALWAYS_SEARCH_USER_PATHS = NO;
				CLANG_ANALYZER_NONNULL = YES;
				CLANG_ANALYZER_NUMBER_OBJECT_CONVERSION = YES_AGGRESSIVE;
				CLANG_CXX_LANGUAGE_STANDARD = "gnu++17";
				CLANG_CXX_LIBRARY = "libc++";
				CLANG_ENABLE_MODULES = YES;
				CLANG_ENABLE_OBJC_ARC = YES;
				CLANG_ENABLE_OBJC_WEAK = YES;
				CLANG_WARN_BLOCK_CAPTURE_AUTORELEASING = YES;
				CLANG_WARN_BOOL_CONVERSION = YES;
				CLANG_WARN_COMMA = YES;
				CLANG_WARN_CONSTANT_CONVERSION = YES;
				CLANG_WARN_DEPRECATED_OBJC_IMPLEMENTATIONS = YES;
				CLANG_WARN_DIRECT_OBJC_ISA_USAGE = YES_ERROR;
				CLANG_WARN_DOCUMENTATION_COMMENTS = YES;
				CLANG_WARN_EMPTY_BODY = YES;
				CLANG_WARN_ENUM_CONVERSION = YES;
				CLANG_WARN_INFINITE_RECURSION = YES;
				CLANG_WARN_INT_CONVERSION = YES;
				CLANG_WARN_NON_LITERAL_NULL_CONVERSION = YES;
				CLANG_WARN_OBJC_IMPLICIT_RETAIN_SELF = YES;
				CLANG_WARN_OBJC_LITERAL_CONVERSION = YES;
				CLANG_WARN_OBJC_ROOT_CLASS = YES_ERROR;
				CLANG_WARN_QUOTED_INCLUDE_IN_FRAMEWORK_HEADER = YES;
				CLANG_WARN_RANGE_LOOP_ANALYSIS = YES;
				CLANG_WARN_STRICT_PROTOTYPES = YES;
				CLANG_WARN_SUSPICIOUS_MOVE = YES;
				CLANG_WARN_UNGUARDED_AVAILABILITY = YES_AGGRESSIVE;
				CLANG_WARN_UNREACHABLE_CODE = YES;
				CLANG_WARN__DUPLICATE_METHOD_MATCH = YES;
				COPY_PHASE_STRIP = NO;
				DEAD_CODE_STRIPPING = YES;
				DEBUG_INFORMATION_FORMAT = "dwarf-with-dsym";
				ENABLE_NS_ASSERTIONS = NO;
				ENABLE_STRICT_OBJC_MSGSEND = YES;
				GCC_C_LANGUAGE_STANDARD = gnu11;
				GCC_NO_COMMON_BLOCKS = YES;
				GCC_WARN_64_TO_32_BIT_CONVERSION = YES;
				GCC_WARN_ABOUT_RETURN_TYPE = YES_ERROR;
				GCC_WARN_UNDECLARED_SELECTOR = YES;
				GCC_WARN_UNINITIALIZED_AUTOS = YES_AGGRESSIVE;
				GCC_WARN_UNUSED_FUNCTION = YES;
				GCC_WARN_UNUSED_VARIABLE = YES;
				MTL_ENABLE_DEBUG_INFO = NO;
				MTL_FAST_MATH = YES;
				SWIFT_COMPILATION_MODE = wholemodule;
				SWIFT_OPTIMIZATION_LEVEL = "-O";
			};
			name = Release;
		};
		05C6AA622789D06C009FFBE8 /* Debug */ = {
			isa = XCBuildConfiguration;
			baseConfigurationReference = AA20636E60B148FEC0012C65 /* Pods-Ikimasho (iOS).debug.xcconfig */;
			buildSettings = {
				ASSETCATALOG_COMPILER_APPICON_NAME = AppIcon;
				ASSETCATALOG_COMPILER_GLOBAL_ACCENT_COLOR_NAME = AccentColor;
				CODE_SIGN_STYLE = Automatic;
				CURRENT_PROJECT_VERSION = 1;
				DEVELOPMENT_TEAM = BP4DYC4UP8;
				ENABLE_PREVIEWS = YES;
				GENERATE_INFOPLIST_FILE = YES;
				INFOPLIST_KEY_UIApplicationSceneManifest_Generation = YES;
				INFOPLIST_KEY_UIApplicationSupportsIndirectInputEvents = YES;
				INFOPLIST_KEY_UILaunchScreen_Generation = YES;
				INFOPLIST_KEY_UILaunchStoryboardName = "Launch Screen.storyboard";
				INFOPLIST_KEY_UISupportedInterfaceOrientations_iPad = "UIInterfaceOrientationPortrait UIInterfaceOrientationPortraitUpsideDown UIInterfaceOrientationLandscapeLeft UIInterfaceOrientationLandscapeRight";
				INFOPLIST_KEY_UISupportedInterfaceOrientations_iPhone = "UIInterfaceOrientationPortrait UIInterfaceOrientationLandscapeLeft UIInterfaceOrientationLandscapeRight";
				IPHONEOS_DEPLOYMENT_TARGET = 16.0;
				LD_RUNPATH_SEARCH_PATHS = (
					"$(inherited)",
					"@executable_path/Frameworks",
				);
				MARKETING_VERSION = 1.0;
				PRODUCT_BUNDLE_IDENTIFIER = com.keltoumb.ikimasho4;
				PRODUCT_NAME = Ikimasho;
				SDKROOT = iphoneos;
				SWIFT_EMIT_LOC_STRINGS = YES;
				SWIFT_VERSION = 5.0;
				TARGETED_DEVICE_FAMILY = "1,2";
			};
			name = Debug;
		};
		05C6AA632789D06C009FFBE8 /* Release */ = {
			isa = XCBuildConfiguration;
			baseConfigurationReference = 2E9439250DBBC7193E461194 /* Pods-Ikimasho (iOS).release.xcconfig */;
			buildSettings = {
				ASSETCATALOG_COMPILER_APPICON_NAME = AppIcon;
				ASSETCATALOG_COMPILER_GLOBAL_ACCENT_COLOR_NAME = AccentColor;
				CODE_SIGN_STYLE = Automatic;
				CURRENT_PROJECT_VERSION = 1;
				DEVELOPMENT_TEAM = BP4DYC4UP8;
				ENABLE_PREVIEWS = YES;
				GENERATE_INFOPLIST_FILE = YES;
				INFOPLIST_KEY_UIApplicationSceneManifest_Generation = YES;
				INFOPLIST_KEY_UIApplicationSupportsIndirectInputEvents = YES;
				INFOPLIST_KEY_UILaunchScreen_Generation = YES;
				INFOPLIST_KEY_UILaunchStoryboardName = "Launch Screen.storyboard";
				INFOPLIST_KEY_UISupportedInterfaceOrientations_iPad = "UIInterfaceOrientationPortrait UIInterfaceOrientationPortraitUpsideDown UIInterfaceOrientationLandscapeLeft UIInterfaceOrientationLandscapeRight";
				INFOPLIST_KEY_UISupportedInterfaceOrientations_iPhone = "UIInterfaceOrientationPortrait UIInterfaceOrientationLandscapeLeft UIInterfaceOrientationLandscapeRight";
				IPHONEOS_DEPLOYMENT_TARGET = 16.0;
				LD_RUNPATH_SEARCH_PATHS = (
					"$(inherited)",
					"@executable_path/Frameworks",
				);
				MARKETING_VERSION = 1.0;
				PRODUCT_BUNDLE_IDENTIFIER = com.keltoumb.ikimasho4;
				PRODUCT_NAME = Ikimasho;
				SDKROOT = iphoneos;
				SWIFT_EMIT_LOC_STRINGS = YES;
				SWIFT_VERSION = 5.0;
				TARGETED_DEVICE_FAMILY = "1,2";
				VALIDATE_PRODUCT = YES;
			};
			name = Release;
		};
		05C6AA652789D06C009FFBE8 /* Debug */ = {
			isa = XCBuildConfiguration;
			baseConfigurationReference = 487687E9AE6410F54D0FF3B1 /* Pods-Ikimasho (macOS).debug.xcconfig */;
			buildSettings = {
				ASSETCATALOG_COMPILER_APPICON_NAME = AppIcon;
				ASSETCATALOG_COMPILER_GLOBAL_ACCENT_COLOR_NAME = AccentColor;
				CODE_SIGN_ENTITLEMENTS = macOS/macOS.entitlements;
				CODE_SIGN_STYLE = Automatic;
				COMBINE_HIDPI_IMAGES = YES;
				CURRENT_PROJECT_VERSION = 1;
				DEAD_CODE_STRIPPING = YES;
				DEVELOPMENT_TEAM = KN3ZJQBK7N;
				ENABLE_HARDENED_RUNTIME = YES;
				ENABLE_PREVIEWS = YES;
				GENERATE_INFOPLIST_FILE = YES;
				INFOPLIST_KEY_NSHumanReadableCopyright = "";
				LD_RUNPATH_SEARCH_PATHS = (
					"$(inherited)",
					"@executable_path/../Frameworks",
				);
				MACOSX_DEPLOYMENT_TARGET = 12.1;
				MARKETING_VERSION = 1.0;
				PRODUCT_BUNDLE_IDENTIFIER = "com.haaris.CD-One-To-Many-Relationship";
				PRODUCT_NAME = Ikimasho;
				SDKROOT = macosx;
				SWIFT_EMIT_LOC_STRINGS = YES;
				SWIFT_VERSION = 5.0;
			};
			name = Debug;
		};
		05C6AA662789D06C009FFBE8 /* Release */ = {
			isa = XCBuildConfiguration;
			baseConfigurationReference = 852201D6BDADF10EA5BEE974 /* Pods-Ikimasho (macOS).release.xcconfig */;
			buildSettings = {
				ASSETCATALOG_COMPILER_APPICON_NAME = AppIcon;
				ASSETCATALOG_COMPILER_GLOBAL_ACCENT_COLOR_NAME = AccentColor;
				CODE_SIGN_ENTITLEMENTS = macOS/macOS.entitlements;
				CODE_SIGN_STYLE = Automatic;
				COMBINE_HIDPI_IMAGES = YES;
				CURRENT_PROJECT_VERSION = 1;
				DEAD_CODE_STRIPPING = YES;
				DEVELOPMENT_TEAM = KN3ZJQBK7N;
				ENABLE_HARDENED_RUNTIME = YES;
				ENABLE_PREVIEWS = YES;
				GENERATE_INFOPLIST_FILE = YES;
				INFOPLIST_KEY_NSHumanReadableCopyright = "";
				LD_RUNPATH_SEARCH_PATHS = (
					"$(inherited)",
					"@executable_path/../Frameworks",
				);
				MACOSX_DEPLOYMENT_TARGET = 12.1;
				MARKETING_VERSION = 1.0;
				PRODUCT_BUNDLE_IDENTIFIER = "com.haaris.CD-One-To-Many-Relationship";
				PRODUCT_NAME = Ikimasho;
				SDKROOT = macosx;
				SWIFT_EMIT_LOC_STRINGS = YES;
				SWIFT_VERSION = 5.0;
			};
			name = Release;
		};
/* End XCBuildConfiguration section */

/* Begin XCConfigurationList section */
		05C6AA402789D06B009FFBE8 /* Build configuration list for PBXProject "Ikimasho" */ = {
			isa = XCConfigurationList;
			buildConfigurations = (
				05C6AA5F2789D06C009FFBE8 /* Debug */,
				05C6AA602789D06C009FFBE8 /* Release */,
			);
			defaultConfigurationIsVisible = 0;
			defaultConfigurationName = Release;
		};
		05C6AA612789D06C009FFBE8 /* Build configuration list for PBXNativeTarget "Ikimasho (iOS)" */ = {
			isa = XCConfigurationList;
			buildConfigurations = (
				05C6AA622789D06C009FFBE8 /* Debug */,
				05C6AA632789D06C009FFBE8 /* Release */,
			);
			defaultConfigurationIsVisible = 0;
			defaultConfigurationName = Release;
		};
		05C6AA642789D06C009FFBE8 /* Build configuration list for PBXNativeTarget "Ikimasho (macOS)" */ = {
			isa = XCConfigurationList;
			buildConfigurations = (
				05C6AA652789D06C009FFBE8 /* Debug */,
				05C6AA662789D06C009FFBE8 /* Release */,
			);
			defaultConfigurationIsVisible = 0;
			defaultConfigurationName = Release;
		};
/* End XCConfigurationList section */

/* Begin XCVersionGroup section */
		05C6AA422789D06B009FFBE8 /* Ikimasho.xcdatamodeld */ = {
			isa = XCVersionGroup;
			children = (
				05C6AA432789D06B009FFBE8 /* Shared.xcdatamodel */,
			);
			currentVersion = 05C6AA432789D06B009FFBE8 /* Shared.xcdatamodel */;
			path = Ikimasho.xcdatamodeld;
			sourceTree = "<group>";
			versionGroupType = wrapper.xcdatamodel;
		};
/* End XCVersionGroup section */
	};
	rootObject = 05C6AA3D2789D06B009FFBE8 /* Project object */;
}
